
Microsoft Visual Studio Solution File, Format Version 12.00
# Visual Studio Version 17
VisualStudioVersion = 17.5.33414.496
MinimumVisualStudioVersion = 10.0.40219.1
Project("{9A19103F-16F7-4668-BE54-9A1E7A4F7556}") = "Demo", "Demo\Demo.csproj", "{51D88312-F499-44F7-8F3A-79189E42502C}"
EndProject
Project("{FAE04EC0-301F-11D3-BF4B-00C04F79EFBC}") = "Filter by Age", "Filter by Age\Filter by Age.csproj", "{953FF19E-1E88-4AA5-A2F0-29B0E6682412}"
EndProject
Global
	GlobalSection(SolutionConfigurationPlatforms) = preSolution
		Debug|Any CPU = Debug|Any CPU
		Release|Any CPU = Release|Any CPU
	EndGlobalSection
	GlobalSection(ProjectConfigurationPlatforms) = postSolution
		{51D88312-F499-44F7-8F3A-79189E42502C}.Debug|Any CPU.ActiveCfg = Debug|Any CPU
		{51D88312-F499-44F7-8F3A-79189E42502C}.Debug|Any CPU.Build.0 = Debug|Any CPU
		{51D88312-F499-44F7-8F3A-79189E42502C}.Release|Any CPU.ActiveCfg = Release|Any CPU
		{51D88312-F499-44F7-8F3A-79189E42502C}.Release|Any CPU.Build.0 = Release|Any CPU
		{953FF19E-1E88-4AA5-A2F0-29B0E6682412}.Debug|Any CPU.ActiveCfg = Debug|Any CPU
		{953FF19E-1E88-4AA5-A2F0-29B0E6682412}.Debug|Any CPU.Build.0 = Debug|Any CPU
		{953FF19E-1E88-4AA5-A2F0-29B0E6682412}.Release|Any CPU.ActiveCfg = Release|Any CPU
		{953FF19E-1E88-4AA5-A2F0-29B0E6682412}.Release|Any CPU.Build.0 = Release|Any CPU
	EndGlobalSection
	GlobalSection(SolutionProperties) = preSolution
		HideSolutionNode = FALSE
	EndGlobalSection
	GlobalSection(ExtensibilityGlobals) = postSolution
		SolutionGuid = {8EB150FA-4CB0-4103-818A-59F44140C733}
	EndGlobalSection
EndGlobal
