
Microsoft Visual Studio Solution File, Format Version 12.00
# Visual Studio Version 17
VisualStudioVersion = 17.5.33414.496
MinimumVisualStudioVersion = 10.0.40219.1
Project("{FAE04EC0-301F-11D3-BF4B-00C04F79EFBC}") = "Abstraction", "Abstraction\Abstraction.csproj", "{B8BC1DC6-CD6E-4952-9B8F-4796B6C677AB}"
EndProject
Global
	GlobalSection(SolutionConfigurationPlatforms) = preSolution
		Debug|Any CPU = Debug|Any CPU
		Release|Any CPU = Release|Any CPU
	EndGlobalSection
	GlobalSection(ProjectConfigurationPlatforms) = postSolution
		{B8BC1DC6-CD6E-4952-9B8F-4796B6C677AB}.Debug|Any CPU.ActiveCfg = Debug|Any CPU
		{B8BC1DC6-CD6E-4952-9B8F-4796B6C677AB}.Debug|Any CPU.Build.0 = Debug|Any CPU
		{B8BC1DC6-CD6E-4952-9B8F-4796B6C677AB}.Release|Any CPU.ActiveCfg = Release|Any CPU
		{B8BC1DC6-CD6E-4952-9B8F-4796B6C677AB}.Release|Any CPU.Build.0 = Release|Any CPU
	EndGlobalSection
	GlobalSection(SolutionProperties) = preSolution
		HideSolutionNode = FALSE
	EndGlobalSection
	GlobalSection(ExtensibilityGlobals) = postSolution
		SolutionGuid = {4C1DF07D-08C4-49F3-ADB7-53B068AF6C80}
	EndGlobalSection
EndGlobal
